
Microsoft Visual Studio Solution File, Format Version 12.00
# Visual Studio Version 17
VisualStudioVersion = 17.6.33815.320
MinimumVisualStudioVersion = 10.0.40219.1
Project("{FAE04EC0-301F-11D3-BF4B-00C04F79EFBC}") = "Tic Tac Toe", "Tic Tac Toe\Tic Tac Toe.csproj", "{52E41530-7CB9-497D-A85A-DD6562C94DAB}"
EndProject
Global
	GlobalSection(SolutionConfigurationPlatforms) = preSolution
		Debug|Any CPU = Debug|Any CPU
		Release|Any CPU = Release|Any CPU
	EndGlobalSection
	GlobalSection(ProjectConfigurationPlatforms) = postSolution
		{52E41530-7CB9-497D-A85A-DD6562C94DAB}.Debug|Any CPU.ActiveCfg = Debug|Any CPU
		{52E41530-7CB9-497D-A85A-DD6562C94DAB}.Debug|Any CPU.Build.0 = Debug|Any CPU
		{52E41530-7CB9-497D-A85A-DD6562C94DAB}.Release|Any CPU.ActiveCfg = Release|Any CPU
		{52E41530-7CB9-497D-A85A-DD6562C94DAB}.Release|Any CPU.Build.0 = Release|Any CPU
	EndGlobalSection
	GlobalSection(SolutionProperties) = preSolution
		HideSolutionNode = FALSE
	EndGlobalSection
	GlobalSection(ExtensibilityGlobals) = postSolution
		SolutionGuid = {451D95DF-5455-4DC4-9921-41BF09FA77D9}
	EndGlobalSection
EndGlobal
